
Microsoft Visual Studio Solution File, Format Version 12.00
# Visual Studio Version 17
VisualStudioVersion = 17.8.34511.84
MinimumVisualStudioVersion = 10.0.40219.1
Project("{FAE04EC0-301F-11D3-BF4B-00C04F79EFBC}") = "ejem2", "ejem2\ejem2.csproj", "{201C159D-A307-4C9D-A1C2-A3EBE55F0B41}"
EndProject
Global
	GlobalSection(SolutionConfigurationPlatforms) = preSolution
		Debug|Any CPU = Debug|Any CPU
		Release|Any CPU = Release|Any CPU
	EndGlobalSection
	GlobalSection(ProjectConfigurationPlatforms) = postSolution
		{201C159D-A307-4C9D-A1C2-A3EBE55F0B41}.Debug|Any CPU.ActiveCfg = Debug|Any CPU
		{201C159D-A307-4C9D-A1C2-A3EBE55F0B41}.Debug|Any CPU.Build.0 = Debug|Any CPU
		{201C159D-A307-4C9D-A1C2-A3EBE55F0B41}.Release|Any CPU.ActiveCfg = Release|Any CPU
		{201C159D-A307-4C9D-A1C2-A3EBE55F0B41}.Release|Any CPU.Build.0 = Release|Any CPU
	EndGlobalSection
	GlobalSection(SolutionProperties) = preSolution
		HideSolutionNode = FALSE
	EndGlobalSection
	GlobalSection(ExtensibilityGlobals) = postSolution
		SolutionGuid = {79903713-620B-46A2-B958-1D7182C9BE95}
	EndGlobalSection
EndGlobal
